
Microsoft Visual Studio Solution File, Format Version 12.00
# Visual Studio Version 17
VisualStudioVersion = 17.5.002.0
MinimumVisualStudioVersion = 10.0.40219.1
Project("{9A19103F-16F7-4668-BE54-9A1E7A4F7556}") = "Guided-project-branching-looping", "Guided-project-branching-looping.csproj", "{3FF15BD5-1983-4296-A7E0-59701A32F1CA}"
EndProject
Global
	GlobalSection(SolutionConfigurationPlatforms) = preSolution
		Debug|Any CPU = Debug|Any CPU
		Release|Any CPU = Release|Any CPU
	EndGlobalSection
	GlobalSection(ProjectConfigurationPlatforms) = postSolution
		{3FF15BD5-1983-4296-A7E0-59701A32F1CA}.Debug|Any CPU.ActiveCfg = Debug|Any CPU
		{3FF15BD5-1983-4296-A7E0-59701A32F1CA}.Debug|Any CPU.Build.0 = Debug|Any CPU
		{3FF15BD5-1983-4296-A7E0-59701A32F1CA}.Release|Any CPU.ActiveCfg = Release|Any CPU
		{3FF15BD5-1983-4296-A7E0-59701A32F1CA}.Release|Any CPU.Build.0 = Release|Any CPU
	EndGlobalSection
	GlobalSection(SolutionProperties) = preSolution
		HideSolutionNode = FALSE
	EndGlobalSection
	GlobalSection(ExtensibilityGlobals) = postSolution
		SolutionGuid = {37CA4BEC-D272-4D1D-9B37-FFD92467017A}
	EndGlobalSection
EndGlobal
